
Microsoft Visual Studio Solution File, Format Version 12.00
# Visual Studio Version 16
VisualStudioVersion = 16.0.32510.428
MinimumVisualStudioVersion = 10.0.40219.1
Project("{9A19103F-16F7-4668-BE54-9A1E7A4F7556}") = "ESCOMarket", "ESCOMarket\ESCOMarket.csproj", "{702E62AA-64DB-4971-BB81-C8B27F53FE7F}"
EndProject
Global
	GlobalSection(SolutionConfigurationPlatforms) = preSolution
		Debug|Any CPU = Debug|Any CPU
		Release|Any CPU = Release|Any CPU
	EndGlobalSection
	GlobalSection(ProjectConfigurationPlatforms) = postSolution
		{702E62AA-64DB-4971-BB81-C8B27F53FE7F}.Debug|Any CPU.ActiveCfg = Debug|Any CPU
		{702E62AA-64DB-4971-BB81-C8B27F53FE7F}.Debug|Any CPU.Build.0 = Debug|Any CPU
		{702E62AA-64DB-4971-BB81-C8B27F53FE7F}.Release|Any CPU.ActiveCfg = Release|Any CPU
		{702E62AA-64DB-4971-BB81-C8B27F53FE7F}.Release|Any CPU.Build.0 = Release|Any CPU
	EndGlobalSection
	GlobalSection(SolutionProperties) = preSolution
		HideSolutionNode = FALSE
	EndGlobalSection
	GlobalSection(ExtensibilityGlobals) = postSolution
		SolutionGuid = {BAFC137A-A86C-4F5A-AA09-0325EAE6279D}
	EndGlobalSection
EndGlobal
